
Microsoft Visual Studio Solution File, Format Version 12.00
# Visual Studio Version 16
VisualStudioVersion = 16.0.30114.105
MinimumVisualStudioVersion = 10.0.40219.1
Project("{FAE04EC0-301F-11D3-BF4B-00C04F79EFBC}") = "AppSerie", "AppSerie\AppSerie.csproj", "{C4AF6951-7DFC-43F5-AD15-C2FBA8DF0059}"
EndProject
Global
	GlobalSection(SolutionConfigurationPlatforms) = preSolution
		Debug|Any CPU = Debug|Any CPU
		Release|Any CPU = Release|Any CPU
	EndGlobalSection
	GlobalSection(SolutionProperties) = preSolution
		HideSolutionNode = FALSE
	EndGlobalSection
	GlobalSection(ProjectConfigurationPlatforms) = postSolution
		{C4AF6951-7DFC-43F5-AD15-C2FBA8DF0059}.Debug|Any CPU.ActiveCfg = Debug|Any CPU
		{C4AF6951-7DFC-43F5-AD15-C2FBA8DF0059}.Debug|Any CPU.Build.0 = Debug|Any CPU
		{C4AF6951-7DFC-43F5-AD15-C2FBA8DF0059}.Release|Any CPU.ActiveCfg = Release|Any CPU
		{C4AF6951-7DFC-43F5-AD15-C2FBA8DF0059}.Release|Any CPU.Build.0 = Release|Any CPU
	EndGlobalSection
EndGlobal
